// !$*UTF8*$!
{
	archiveVersion = 1;
	classes = {
	};
	objectVersion = 56;
	objects = {

/* Begin PBXBuildFile section */
		FA4770552CE001AE00921891 /* ImagePreview in Frameworks */ = {isa = PBXBuildFile; productRef = FA4770542CE001AE00921891 /* ImagePreview */; };
		FAA3820C2CDE39EA009669D8 /* Assets.xcassets in Resources */ = {isa = PBXBuildFile; fileRef = FAA3820B2CDE39EA009669D8 /* Assets.xcassets */; };
		FAA3820F2CDE39EA009669D8 /* Preview Assets.xcassets in Resources */ = {isa = PBXBuildFile; fileRef = FAA3820E2CDE39EA009669D8 /* Preview Assets.xcassets */; };
		FAA382192CDE39EA009669D8 /* NarcissusTests.swift in Sources */ = {isa = PBXBuildFile; fileRef = FAA382182CDE39EA009669D8 /* NarcissusTests.swift */; };
		FAA382232CDE39EA009669D8 /* NarcissusUITests.swift in Sources */ = {isa = PBXBuildFile; fileRef = FAA382222CDE39EA009669D8 /* NarcissusUITests.swift */; };
		FAA382252CDE39EA009669D8 /* NarcissusUITestsLaunchTests.swift in Sources */ = {isa = PBXBuildFile; fileRef = FAA382242CDE39EA009669D8 /* NarcissusUITestsLaunchTests.swift */; };
		FAA382352CDE3AF8009669D8 /* NarcissusApp.swift in Sources */ = {isa = PBXBuildFile; fileRef = FAA382342CDE3AF8009669D8 /* NarcissusApp.swift */; };
		FAA382382CDE5F8F009669D8 /* Camera in Frameworks */ = {isa = PBXBuildFile; productRef = FAA382372CDE5F8F009669D8 /* Camera */; };
		FAA3823A2CDE5FC2009669D8 /* HomeCoordinatorView.swift in Sources */ = {isa = PBXBuildFile; fileRef = FAA382392CDE5FC2009669D8 /* HomeCoordinatorView.swift */; };
/* End PBXBuildFile section */

/* Begin PBXContainerItemProxy section */
		FAA382152CDE39EA009669D8 /* PBXContainerItemProxy */ = {
			isa = PBXContainerItemProxy;
			containerPortal = FAA381FC2CDE39E9009669D8 /* Project object */;
			proxyType = 1;
			remoteGlobalIDString = FAA382032CDE39E9009669D8;
			remoteInfo = Narcissus;
		};
		FAA3821F2CDE39EA009669D8 /* PBXContainerItemProxy */ = {
			isa = PBXContainerItemProxy;
			containerPortal = FAA381FC2CDE39E9009669D8 /* Project object */;
			proxyType = 1;
			remoteGlobalIDString = FAA382032CDE39E9009669D8;
			remoteInfo = Narcissus;
		};
/* End PBXContainerItemProxy section */

/* Begin PBXFileReference section */
		FA4770532CE000F600921891 /* ImagePreview */ = {isa = PBXFileReference; lastKnownFileType = wrapper; path = ImagePreview; sourceTree = "<group>"; };
		FA4770562CE01ABC00921891 /* Domain */ = {isa = PBXFileReference; lastKnownFileType = wrapper; path = Domain; sourceTree = "<group>"; };
		FA4770592CE03D5400921891 /* Filters */ = {isa = PBXFileReference; lastKnownFileType = wrapper; path = Filters; sourceTree = "<group>"; };
		FAA382042CDE39E9009669D8 /* Narcissus.app */ = {isa = PBXFileReference; explicitFileType = wrapper.application; includeInIndex = 0; path = Narcissus.app; sourceTree = BUILT_PRODUCTS_DIR; };
		FAA3820B2CDE39EA009669D8 /* Assets.xcassets */ = {isa = PBXFileReference; lastKnownFileType = folder.assetcatalog; path = Assets.xcassets; sourceTree = "<group>"; };
		FAA3820E2CDE39EA009669D8 /* Preview Assets.xcassets */ = {isa = PBXFileReference; lastKnownFileType = folder.assetcatalog; path = "Preview Assets.xcassets"; sourceTree = "<group>"; };
		FAA382142CDE39EA009669D8 /* NarcissusTests.xctest */ = {isa = PBXFileReference; explicitFileType = wrapper.cfbundle; includeInIndex = 0; path = NarcissusTests.xctest; sourceTree = BUILT_PRODUCTS_DIR; };
		FAA382182CDE39EA009669D8 /* NarcissusTests.swift */ = {isa = PBXFileReference; lastKnownFileType = sourcecode.swift; path = NarcissusTests.swift; sourceTree = "<group>"; };
		FAA3821E2CDE39EA009669D8 /* NarcissusUITests.xctest */ = {isa = PBXFileReference; explicitFileType = wrapper.cfbundle; includeInIndex = 0; path = NarcissusUITests.xctest; sourceTree = BUILT_PRODUCTS_DIR; };
		FAA382222CDE39EA009669D8 /* NarcissusUITests.swift */ = {isa = PBXFileReference; lastKnownFileType = sourcecode.swift; path = NarcissusUITests.swift; sourceTree = "<group>"; };
		FAA382242CDE39EA009669D8 /* NarcissusUITestsLaunchTests.swift */ = {isa = PBXFileReference; lastKnownFileType = sourcecode.swift; path = NarcissusUITestsLaunchTests.swift; sourceTree = "<group>"; };
		FAA382332CDE3A85009669D8 /* Camera */ = {isa = PBXFileReference; lastKnownFileType = wrapper; path = Camera; sourceTree = "<group>"; };
		FAA382342CDE3AF8009669D8 /* NarcissusApp.swift */ = {isa = PBXFileReference; lastKnownFileType = sourcecode.swift; path = NarcissusApp.swift; sourceTree = "<group>"; };
		FAA382392CDE5FC2009669D8 /* HomeCoordinatorView.swift */ = {isa = PBXFileReference; lastKnownFileType = sourcecode.swift; path = HomeCoordinatorView.swift; sourceTree = "<group>"; };
		FAA3823B2CDE6902009669D8 /* Shared */ = {isa = PBXFileReference; lastKnownFileType = wrapper; path = Shared; sourceTree = "<group>"; };
/* End PBXFileReference section */

/* Begin PBXFrameworksBuildPhase section */
		FAA382012CDE39E9009669D8 /* Frameworks */ = {
			isa = PBXFrameworksBuildPhase;
			buildActionMask = 2147483647;
			files = (
				FAA382382CDE5F8F009669D8 /* Camera in Frameworks */,
				FA4770552CE001AE00921891 /* ImagePreview in Frameworks */,
			);
			runOnlyForDeploymentPostprocessing = 0;
		};
		FAA382112CDE39EA009669D8 /* Frameworks */ = {
			isa = PBXFrameworksBuildPhase;
			buildActionMask = 2147483647;
			files = (
			);
			runOnlyForDeploymentPostprocessing = 0;
		};
		FAA3821B2CDE39EA009669D8 /* Frameworks */ = {
			isa = PBXFrameworksBuildPhase;
			buildActionMask = 2147483647;
			files = (
			);
			runOnlyForDeploymentPostprocessing = 0;
		};
/* End PBXFrameworksBuildPhase section */

/* Begin PBXGroup section */
		FAA381FB2CDE39E9009669D8 = {
			isa = PBXGroup;
			children = (
				FAA382322CDE3A73009669D8 /* Modules */,
				FAA382062CDE39E9009669D8 /* Narcissus */,
				FAA382172CDE39EA009669D8 /* NarcissusTests */,
				FAA382212CDE39EA009669D8 /* NarcissusUITests */,
				FAA382052CDE39E9009669D8 /* Products */,
				FAA382362CDE5F8F009669D8 /* Frameworks */,
			);
			sourceTree = "<group>";
		};
		FAA382052CDE39E9009669D8 /* Products */ = {
			isa = PBXGroup;
			children = (
				FAA382042CDE39E9009669D8 /* Narcissus.app */,
				FAA382142CDE39EA009669D8 /* NarcissusTests.xctest */,
				FAA3821E2CDE39EA009669D8 /* NarcissusUITests.xctest */,
			);
			name = Products;
			sourceTree = "<group>";
		};
		FAA382062CDE39E9009669D8 /* Narcissus */ = {
			isa = PBXGroup;
			children = (
				FAA382342CDE3AF8009669D8 /* NarcissusApp.swift */,
				FAA382392CDE5FC2009669D8 /* HomeCoordinatorView.swift */,
				FAA382312CDE3A33009669D8 /* Assets */,
				FAA3820D2CDE39EA009669D8 /* Preview Content */,
			);
			path = Narcissus;
			sourceTree = "<group>";
		};
		FAA3820D2CDE39EA009669D8 /* Preview Content */ = {
			isa = PBXGroup;
			children = (
				FAA3820E2CDE39EA009669D8 /* Preview Assets.xcassets */,
			);
			path = "Preview Content";
			sourceTree = "<group>";
		};
		FAA382172CDE39EA009669D8 /* NarcissusTests */ = {
			isa = PBXGroup;
			children = (
				FAA382182CDE39EA009669D8 /* NarcissusTests.swift */,
			);
			path = NarcissusTests;
			sourceTree = "<group>";
		};
		FAA382212CDE39EA009669D8 /* NarcissusUITests */ = {
			isa = PBXGroup;
			children = (
				FAA382222CDE39EA009669D8 /* NarcissusUITests.swift */,
				FAA382242CDE39EA009669D8 /* NarcissusUITestsLaunchTests.swift */,
			);
			path = NarcissusUITests;
			sourceTree = "<group>";
		};
		FAA382312CDE3A33009669D8 /* Assets */ = {
			isa = PBXGroup;
			children = (
				FAA3820B2CDE39EA009669D8 /* Assets.xcassets */,
			);
			path = Assets;
			sourceTree = "<group>";
		};
		FAA382322CDE3A73009669D8 /* Modules */ = {
			isa = PBXGroup;
			children = (
				FA4770562CE01ABC00921891 /* Domain */,
				FAA3823B2CDE6902009669D8 /* Shared */,
				FAA382332CDE3A85009669D8 /* Camera */,
				FA4770592CE03D5400921891 /* Filters */,
				FA4770532CE000F600921891 /* ImagePreview */,
			);
			path = Modules;
			sourceTree = "<group>";
		};
		FAA382362CDE5F8F009669D8 /* Frameworks */ = {
			isa = PBXGroup;
			children = (
			);
			name = Frameworks;
			sourceTree = "<group>";
		};
/* End PBXGroup section */

/* Begin PBXNativeTarget section */
		FAA382032CDE39E9009669D8 /* Narcissus */ = {
			isa = PBXNativeTarget;
			buildConfigurationList = FAA382282CDE39EA009669D8 /* Build configuration list for PBXNativeTarget "Narcissus" */;
			buildPhases = (
				FAA382002CDE39E9009669D8 /* Sources */,
				FAA382012CDE39E9009669D8 /* Frameworks */,
				FAA382022CDE39E9009669D8 /* Resources */,
			);
			buildRules = (
			);
			dependencies = (
			);
			name = Narcissus;
			packageProductDependencies = (
				FAA382372CDE5F8F009669D8 /* Camera */,
				FA4770542CE001AE00921891 /* ImagePreview */,
			);
			productName = Narcissus;
			productReference = FAA382042CDE39E9009669D8 /* Narcissus.app */;
			productType = "com.apple.product-type.application";
		};
		FAA382132CDE39EA009669D8 /* NarcissusTests */ = {
			isa = PBXNativeTarget;
			buildConfigurationList = FAA3822B2CDE39EA009669D8 /* Build configuration list for PBXNativeTarget "NarcissusTests" */;
			buildPhases = (
				FAA382102CDE39EA009669D8 /* Sources */,
				FAA382112CDE39EA009669D8 /* Frameworks */,
				FAA382122CDE39EA009669D8 /* Resources */,
			);
			buildRules = (
			);
			dependencies = (
				FAA382162CDE39EA009669D8 /* PBXTargetDependency */,
			);
			name = NarcissusTests;
			productName = NarcissusTests;
			productReference = FAA382142CDE39EA009669D8 /* NarcissusTests.xctest */;
			productType = "com.apple.product-type.bundle.unit-test";
		};
		FAA3821D2CDE39EA009669D8 /* NarcissusUITests */ = {
			isa = PBXNativeTarget;
			buildConfigurationList = FAA3822E2CDE39EA009669D8 /* Build configuration list for PBXNativeTarget "NarcissusUITests" */;
			buildPhases = (
				FAA3821A2CDE39EA009669D8 /* Sources */,
				FAA3821B2CDE39EA009669D8 /* Frameworks */,
				FAA3821C2CDE39EA009669D8 /* Resources */,
			);
			buildRules = (
			);
			dependencies = (
				FAA382202CDE39EA009669D8 /* PBXTargetDependency */,
			);
			name = NarcissusUITests;
			productName = NarcissusUITests;
			productReference = FAA3821E2CDE39EA009669D8 /* NarcissusUITests.xctest */;
			productType = "com.apple.product-type.bundle.ui-testing";
		};
/* End PBXNativeTarget section */

/* Begin PBXProject section */
		FAA381FC2CDE39E9009669D8 /* Project object */ = {
			isa = PBXProject;
			attributes = {
				BuildIndependentTargetsInParallel = 1;
				LastSwiftUpdateCheck = 1540;
				LastUpgradeCheck = 1540;
				TargetAttributes = {
					FAA382032CDE39E9009669D8 = {
						CreatedOnToolsVersion = 15.4;
						LastSwiftMigration = 1540;
					};
					FAA382132CDE39EA009669D8 = {
						CreatedOnToolsVersion = 15.4;
						TestTargetID = FAA382032CDE39E9009669D8;
					};
					FAA3821D2CDE39EA009669D8 = {
						CreatedOnToolsVersion = 15.4;
						TestTargetID = FAA382032CDE39E9009669D8;
					};
				};
			};
			buildConfigurationList = FAA381FF2CDE39E9009669D8 /* Build configuration list for PBXProject "Narcissus" */;
			compatibilityVersion = "Xcode 14.0";
			developmentRegion = en;
			hasScannedForEncodings = 0;
			knownRegions = (
				en,
				Base,
			);
			mainGroup = FAA381FB2CDE39E9009669D8;
			productRefGroup = FAA382052CDE39E9009669D8 /* Products */;
			projectDirPath = "";
			projectRoot = "";
			targets = (
				FAA382032CDE39E9009669D8 /* Narcissus */,
				FAA382132CDE39EA009669D8 /* NarcissusTests */,
				FAA3821D2CDE39EA009669D8 /* NarcissusUITests */,
			);
		};
/* End PBXProject section */

/* Begin PBXResourcesBuildPhase section */
		FAA382022CDE39E9009669D8 /* Resources */ = {
			isa = PBXResourcesBuildPhase;
			buildActionMask = 2147483647;
			files = (
				FAA3820F2CDE39EA009669D8 /* Preview Assets.xcassets in Resources */,
				FAA3820C2CDE39EA009669D8 /* Assets.xcassets in Resources */,
			);
			runOnlyForDeploymentPostprocessing = 0;
		};
		FAA382122CDE39EA009669D8 /* Resources */ = {
			isa = PBXResourcesBuildPhase;
			buildActionMask = 2147483647;
			files = (
			);
			runOnlyForDeploymentPostprocessing = 0;
		};
		FAA3821C2CDE39EA009669D8 /* Resources */ = {
			isa = PBXResourcesBuildPhase;
			buildActionMask = 2147483647;
			files = (
			);
			runOnlyForDeploymentPostprocessing = 0;
		};
/* End PBXResourcesBuildPhase section */

/* Begin PBXSourcesBuildPhase section */
		FAA382002CDE39E9009669D8 /* Sources */ = {
			isa = PBXSourcesBuildPhase;
			buildActionMask = 2147483647;
			files = (
				FAA3823A2CDE5FC2009669D8 /* HomeCoordinatorView.swift in Sources */,
				FAA382352CDE3AF8009669D8 /* NarcissusApp.swift in Sources */,
			);
			runOnlyForDeploymentPostprocessing = 0;
		};
		FAA382102CDE39EA009669D8 /* Sources */ = {
			isa = PBXSourcesBuildPhase;
			buildActionMask = 2147483647;
			files = (
				FAA382192CDE39EA009669D8 /* NarcissusTests.swift in Sources */,
			);
			runOnlyForDeploymentPostprocessing = 0;
		};
		FAA3821A2CDE39EA009669D8 /* Sources */ = {
			isa = PBXSourcesBuildPhase;
			buildActionMask = 2147483647;
			files = (
				FAA382252CDE39EA009669D8 /* NarcissusUITestsLaunchTests.swift in Sources */,
				FAA382232CDE39EA009669D8 /* NarcissusUITests.swift in Sources */,
			);
			runOnlyForDeploymentPostprocessing = 0;
		};
/* End PBXSourcesBuildPhase section */

/* Begin PBXTargetDependency section */
		FAA382162CDE39EA009669D8 /* PBXTargetDependency */ = {
			isa = PBXTargetDependency;
			target = FAA382032CDE39E9009669D8 /* Narcissus */;
			targetProxy = FAA382152CDE39EA009669D8 /* PBXContainerItemProxy */;
		};
		FAA382202CDE39EA009669D8 /* PBXTargetDependency */ = {
			isa = PBXTargetDependency;
			target = FAA382032CDE39E9009669D8 /* Narcissus */;
			targetProxy = FAA3821F2CDE39EA009669D8 /* PBXContainerItemProxy */;
		};
/* End PBXTargetDependency section */

/* Begin XCBuildConfiguration section */
		FAA382262CDE39EA009669D8 /* Debug */ = {
			isa = XCBuildConfiguration;
			buildSettings = {
				ALWAYS_SEARCH_USER_PATHS = NO;
				ASSETCATALOG_COMPILER_GENERATE_SWIFT_ASSET_SYMBOL_EXTENSIONS = YES;
				CLANG_ANALYZER_NONNULL = YES;
				CLANG_ANALYZER_NUMBER_OBJECT_CONVERSION = YES_AGGRESSIVE;
				CLANG_CXX_LANGUAGE_STANDARD = "gnu++20";
				CLANG_ENABLE_MODULES = YES;
				CLANG_ENABLE_OBJC_ARC = YES;
				CLANG_ENABLE_OBJC_WEAK = YES;
				CLANG_WARN_BLOCK_CAPTURE_AUTORELEASING = YES;
				CLANG_WARN_BOOL_CONVERSION = YES;
				CLANG_WARN_COMMA = YES;
				CLANG_WARN_CONSTANT_CONVERSION = YES;
				CLANG_WARN_DEPRECATED_OBJC_IMPLEMENTATIONS = YES;
				CLANG_WARN_DIRECT_OBJC_ISA_USAGE = YES_ERROR;
				CLANG_WARN_DOCUMENTATION_COMMENTS = YES;
				CLANG_WARN_EMPTY_BODY = YES;
				CLANG_WARN_ENUM_CONVERSION = YES;
				CLANG_WARN_INFINITE_RECURSION = YES;
				CLANG_WARN_INT_CONVERSION = YES;
				CLANG_WARN_NON_LITERAL_NULL_CONVERSION = YES;
				CLANG_WARN_OBJC_IMPLICIT_RETAIN_SELF = YES;
				CLANG_WARN_OBJC_LITERAL_CONVERSION = YES;
				CLANG_WARN_OBJC_ROOT_CLASS = YES_ERROR;
				CLANG_WARN_QUOTED_INCLUDE_IN_FRAMEWORK_HEADER = YES;
				CLANG_WARN_RANGE_LOOP_ANALYSIS = YES;
				CLANG_WARN_STRICT_PROTOTYPES = YES;
				CLANG_WARN_SUSPICIOUS_MOVE = YES;
				CLANG_WARN_UNGUARDED_AVAILABILITY = YES_AGGRESSIVE;
				CLANG_WARN_UNREACHABLE_CODE = YES;
				CLANG_WARN__DUPLICATE_METHOD_MATCH = YES;
				COPY_PHASE_STRIP = NO;
				DEBUG_INFORMATION_FORMAT = dwarf;
				ENABLE_STRICT_OBJC_MSGSEND = YES;
				ENABLE_TESTABILITY = YES;
				ENABLE_USER_SCRIPT_SANDBOXING = YES;
				GCC_C_LANGUAGE_STANDARD = gnu17;
				GCC_DYNAMIC_NO_PIC = NO;
				GCC_NO_COMMON_BLOCKS = YES;
				GCC_OPTIMIZATION_LEVEL = 0;
				GCC_PREPROCESSOR_DEFINITIONS = (
					"DEBUG=1",
					"$(inherited)",
				);
				GCC_WARN_64_TO_32_BIT_CONVERSION = YES;
				GCC_WARN_ABOUT_RETURN_TYPE = YES_ERROR;
				GCC_WARN_UNDECLARED_SELECTOR = YES;
				GCC_WARN_UNINITIALIZED_AUTOS = YES_AGGRESSIVE;
				GCC_WARN_UNUSED_FUNCTION = YES;
				GCC_WARN_UNUSED_VARIABLE = YES;
				IPHONEOS_DEPLOYMENT_TARGET = 17.5;
				LOCALIZATION_PREFERS_STRING_CATALOGS = YES;
				MTL_ENABLE_DEBUG_INFO = INCLUDE_SOURCE;
				MTL_FAST_MATH = YES;
				ONLY_ACTIVE_ARCH = YES;
				SDKROOT = iphoneos;
				SWIFT_ACTIVE_COMPILATION_CONDITIONS = "DEBUG $(inherited)";
				SWIFT_OPTIMIZATION_LEVEL = "-Onone";
			};
			name = Debug;
		};
		FAA382272CDE39EA009669D8 /* Release */ = {
			isa = XCBuildConfiguration;
			buildSettings = {
				ALWAYS_SEARCH_USER_PATHS = NO;
				ASSETCATALOG_COMPILER_GENERATE_SWIFT_ASSET_SYMBOL_EXTENSIONS = YES;
				CLANG_ANALYZER_NONNULL = YES;
				CLANG_ANALYZER_NUMBER_OBJECT_CONVERSION = YES_AGGRESSIVE;
				CLANG_CXX_LANGUAGE_STANDARD = "gnu++20";
				CLANG_ENABLE_MODULES = YES;
				CLANG_ENABLE_OBJC_ARC = YES;
				CLANG_ENABLE_OBJC_WEAK = YES;
				CLANG_WARN_BLOCK_CAPTURE_AUTORELEASING = YES;
				CLANG_WARN_BOOL_CONVERSION = YES;
				CLANG_WARN_COMMA = YES;
				CLANG_WARN_CONSTANT_CONVERSION = YES;
				CLANG_WARN_DEPRECATED_OBJC_IMPLEMENTATIONS = YES;
				CLANG_WARN_DIRECT_OBJC_ISA_USAGE = YES_ERROR;
				CLANG_WARN_DOCUMENTATION_COMMENTS = YES;
				CLANG_WARN_EMPTY_BODY = YES;
				CLANG_WARN_ENUM_CONVERSION = YES;
				CLANG_WARN_INFINITE_RECURSION = YES;
				CLANG_WARN_INT_CONVERSION = YES;
				CLANG_WARN_NON_LITERAL_NULL_CONVERSION = YES;
				CLANG_WARN_OBJC_IMPLICIT_RETAIN_SELF = YES;
				CLANG_WARN_OBJC_LITERAL_CONVERSION = YES;
				CLANG_WARN_OBJC_ROOT_CLASS = YES_ERROR;
				CLANG_WARN_QUOTED_INCLUDE_IN_FRAMEWORK_HEADER = YES;
				CLANG_WARN_RANGE_LOOP_ANALYSIS = YES;
				CLANG_WARN_STRICT_PROTOTYPES = YES;
				CLANG_WARN_SUSPICIOUS_MOVE = YES;
				CLANG_WARN_UNGUARDED_AVAILABILITY = YES_AGGRESSIVE;
				CLANG_WARN_UNREACHABLE_CODE = YES;
				CLANG_WARN__DUPLICATE_METHOD_MATCH = YES;
				COPY_PHASE_STRIP = NO;
				DEBUG_INFORMATION_FORMAT = "dwarf-with-dsym";
				ENABLE_NS_ASSERTIONS = NO;
				ENABLE_STRICT_OBJC_MSGSEND = YES;
				ENABLE_USER_SCRIPT_SANDBOXING = YES;
				GCC_C_LANGUAGE_STANDARD = gnu17;
				GCC_NO_COMMON_BLOCKS = YES;
				GCC_WARN_64_TO_32_BIT_CONVERSION = YES;
				GCC_WARN_ABOUT_RETURN_TYPE = YES_ERROR;
				GCC_WARN_UNDECLARED_SELECTOR = YES;
				GCC_WARN_UNINITIALIZED_AUTOS = YES_AGGRESSIVE;
				GCC_WARN_UNUSED_FUNCTION = YES;
				GCC_WARN_UNUSED_VARIABLE = YES;
				IPHONEOS_DEPLOYMENT_TARGET = 17.5;
				LOCALIZATION_PREFERS_STRING_CATALOGS = YES;
				MTL_ENABLE_DEBUG_INFO = NO;
				MTL_FAST_MATH = YES;
				SDKROOT = iphoneos;
				SWIFT_COMPILATION_MODE = wholemodule;
				VALIDATE_PRODUCT = YES;
			};
			name = Release;
		};
		FAA382292CDE39EA009669D8 /* Debug */ = {
			isa = XCBuildConfiguration;
			buildSettings = {
				ASSETCATALOG_COMPILER_APPICON_NAME = AppIcon;
				ASSETCATALOG_COMPILER_GLOBAL_ACCENT_COLOR_NAME = AccentColor;
				CLANG_ENABLE_MODULES = YES;
				CODE_SIGN_STYLE = Automatic;
				CURRENT_PROJECT_VERSION = 1;
				DEVELOPMENT_ASSET_PATHS = "\"Narcissus/Preview Content\"";
				DEVELOPMENT_TEAM = YX9LX34T63;
				ENABLE_PREVIEWS = YES;
				GENERATE_INFOPLIST_FILE = YES;
				INFOPLIST_KEY_NSCameraUsageDescription = "This app uses the camera to capture photos and videos";
				INFOPLIST_KEY_UIApplicationSceneManifest_Generation = YES;
				INFOPLIST_KEY_UIApplicationSupportsIndirectInputEvents = YES;
				INFOPLIST_KEY_UILaunchScreen_Generation = YES;
				INFOPLIST_KEY_UISupportedInterfaceOrientations = UIInterfaceOrientationPortrait;
				INFOPLIST_KEY_UISupportedInterfaceOrientations_iPad = "UIInterfaceOrientationLandscapeLeft UIInterfaceOrientationLandscapeRight UIInterfaceOrientationPortrait UIInterfaceOrientationPortraitUpsideDown";
				IPHONEOS_DEPLOYMENT_TARGET = 17.0;
				LD_RUNPATH_SEARCH_PATHS = (
					"$(inherited)",
					"@executable_path/Frameworks",
				);
				MARKETING_VERSION = 1.0;
				PRODUCT_BUNDLE_IDENTIFIER = Malenea.Narcissus;
				PRODUCT_NAME = "$(TARGET_NAME)";
				SUPPORTED_PLATFORMS = "iphoneos iphonesimulator";
				SUPPORTS_MACCATALYST = NO;
				SUPPORTS_MAC_DESIGNED_FOR_IPHONE_IPAD = NO;
				SUPPORTS_XR_DESIGNED_FOR_IPHONE_IPAD = NO;
				SWIFT_EMIT_LOC_STRINGS = YES;
				SWIFT_OPTIMIZATION_LEVEL = "-Onone";
				SWIFT_VERSION = 5.0;
				TARGETED_DEVICE_FAMILY = 1;
			};
			name = Debug;
		};
		FAA3822A2CDE39EA009669D8 /* Release */ = {
			isa = XCBuildConfiguration;
			buildSettings = {
				ASSETCATALOG_COMPILER_APPICON_NAME = AppIcon;
				ASSETCATALOG_COMPILER_GLOBAL_ACCENT_COLOR_NAME = AccentColor;
				CLANG_ENABLE_MODULES = YES;
				CODE_SIGN_STYLE = Automatic;
				CURRENT_PROJECT_VERSION = 1;
				DEVELOPMENT_ASSET_PATHS = "\"Narcissus/Preview Content\"";
				DEVELOPMENT_TEAM = YX9LX34T63;
				ENABLE_PREVIEWS = YES;
				GENERATE_INFOPLIST_FILE = YES;
				INFOPLIST_KEY_NSCameraUsageDescription = "This app uses the camera to capture photos and videos";
				INFOPLIST_KEY_UIApplicationSceneManifest_Generation = YES;
				INFOPLIST_KEY_UIApplicationSupportsIndirectInputEvents = YES;
				INFOPLIST_KEY_UILaunchScreen_Generation = YES;
				INFOPLIST_KEY_UISupportedInterfaceOrientations = UIInterfaceOrientationPortrait;
				INFOPLIST_KEY_UISupportedInterfaceOrientations_iPad = "UIInterfaceOrientationLandscapeLeft UIInterfaceOrientationLandscapeRight UIInterfaceOrientationPortrait UIInterfaceOrientationPortraitUpsideDown";
				IPHONEOS_DEPLOYMENT_TARGET = 17.0;
				LD_RUNPATH_SEARCH_PATHS = (
					"$(inherited)",
					"@executable_path/Frameworks",
				);
				MARKETING_VERSION = 1.0;
				PRODUCT_BUNDLE_IDENTIFIER = Malenea.Narcissus;
				PRODUCT_NAME = "$(TARGET_NAME)";
				SUPPORTED_PLATFORMS = "iphoneos iphonesimulator";
				SUPPORTS_MACCATALYST = NO;
				SUPPORTS_MAC_DESIGNED_FOR_IPHONE_IPAD = NO;
				SUPPORTS_XR_DESIGNED_FOR_IPHONE_IPAD = NO;
				SWIFT_EMIT_LOC_STRINGS = YES;
				SWIFT_VERSION = 5.0;
				TARGETED_DEVICE_FAMILY = 1;
			};
			name = Release;
		};
		FAA3822C2CDE39EA009669D8 /* Debug */ = {
			isa = XCBuildConfiguration;
			buildSettings = {
				ALWAYS_EMBED_SWIFT_STANDARD_LIBRARIES = YES;
				BUNDLE_LOADER = "$(TEST_HOST)";
				CODE_SIGN_STYLE = Automatic;
				CURRENT_PROJECT_VERSION = 1;
				DEVELOPMENT_TEAM = YX9LX34T63;
				GENERATE_INFOPLIST_FILE = YES;
				IPHONEOS_DEPLOYMENT_TARGET = 17.5;
				MARKETING_VERSION = 1.0;
				PRODUCT_BUNDLE_IDENTIFIER = Malenea.NarcissusTests;
				PRODUCT_NAME = "$(TARGET_NAME)";
				SWIFT_EMIT_LOC_STRINGS = NO;
				SWIFT_VERSION = 5.0;
				TARGETED_DEVICE_FAMILY = "1,2";
				TEST_HOST = "$(BUILT_PRODUCTS_DIR)/Narcissus.app/$(BUNDLE_EXECUTABLE_FOLDER_PATH)/Narcissus";
			};
			name = Debug;
		};
		FAA3822D2CDE39EA009669D8 /* Release */ = {
			isa = XCBuildConfiguration;
			buildSettings = {
				ALWAYS_EMBED_SWIFT_STANDARD_LIBRARIES = YES;
				BUNDLE_LOADER = "$(TEST_HOST)";
				CODE_SIGN_STYLE = Automatic;
				CURRENT_PROJECT_VERSION = 1;
				DEVELOPMENT_TEAM = YX9LX34T63;
				GENERATE_INFOPLIST_FILE = YES;
				IPHONEOS_DEPLOYMENT_TARGET = 17.5;
				MARKETING_VERSION = 1.0;
				PRODUCT_BUNDLE_IDENTIFIER = Malenea.NarcissusTests;
				PRODUCT_NAME = "$(TARGET_NAME)";
				SWIFT_EMIT_LOC_STRINGS = NO;
				SWIFT_VERSION = 5.0;
				TARGETED_DEVICE_FAMILY = "1,2";
				TEST_HOST = "$(BUILT_PRODUCTS_DIR)/Narcissus.app/$(BUNDLE_EXECUTABLE_FOLDER_PATH)/Narcissus";
			};
			name = Release;
		};
		FAA3822F2CDE39EA009669D8 /* Debug */ = {
			isa = XCBuildConfiguration;
			buildSettings = {
				ALWAYS_EMBED_SWIFT_STANDARD_LIBRARIES = YES;
				CODE_SIGN_STYLE = Automatic;
				CURRENT_PROJECT_VERSION = 1;
				DEVELOPMENT_TEAM = YX9LX34T63;
				GENERATE_INFOPLIST_FILE = YES;
				MARKETING_VERSION = 1.0;
				PRODUCT_BUNDLE_IDENTIFIER = Malenea.NarcissusUITests;
				PRODUCT_NAME = "$(TARGET_NAME)";
				SWIFT_EMIT_LOC_STRINGS = NO;
				SWIFT_VERSION = 5.0;
				TARGETED_DEVICE_FAMILY = "1,2";
				TEST_TARGET_NAME = Narcissus;
			};
			name = Debug;
		};
		FAA382302CDE39EA009669D8 /* Release */ = {
			isa = XCBuildConfiguration;
			buildSettings = {
				ALWAYS_EMBED_SWIFT_STANDARD_LIBRARIES = YES;
				CODE_SIGN_STYLE = Automatic;
				CURRENT_PROJECT_VERSION = 1;
				DEVELOPMENT_TEAM = YX9LX34T63;
				GENERATE_INFOPLIST_FILE = YES;
				MARKETING_VERSION = 1.0;
				PRODUCT_BUNDLE_IDENTIFIER = Malenea.NarcissusUITests;
				PRODUCT_NAME = "$(TARGET_NAME)";
				SWIFT_EMIT_LOC_STRINGS = NO;
				SWIFT_VERSION = 5.0;
				TARGETED_DEVICE_FAMILY = "1,2";
				TEST_TARGET_NAME = Narcissus;
			};
			name = Release;
		};
/* End XCBuildConfiguration section */

/* Begin XCConfigurationList section */
		FAA381FF2CDE39E9009669D8 /* Build configuration list for PBXProject "Narcissus" */ = {
			isa = XCConfigurationList;
			buildConfigurations = (
				FAA382262CDE39EA009669D8 /* Debug */,
				FAA382272CDE39EA009669D8 /* Release */,
			);
			defaultConfigurationIsVisible = 0;
			defaultConfigurationName = Release;
		};
		FAA382282CDE39EA009669D8 /* Build configuration list for PBXNativeTarget "Narcissus" */ = {
			isa = XCConfigurationList;
			buildConfigurations = (
				FAA382292CDE39EA009669D8 /* Debug */,
				FAA3822A2CDE39EA009669D8 /* Release */,
			);
			defaultConfigurationIsVisible = 0;
			defaultConfigurationName = Release;
		};
		FAA3822B2CDE39EA009669D8 /* Build configuration list for PBXNativeTarget "NarcissusTests" */ = {
			isa = XCConfigurationList;
			buildConfigurations = (
				FAA3822C2CDE39EA009669D8 /* Debug */,
				FAA3822D2CDE39EA009669D8 /* Release */,
			);
			defaultConfigurationIsVisible = 0;
			defaultConfigurationName = Release;
		};
		FAA3822E2CDE39EA009669D8 /* Build configuration list for PBXNativeTarget "NarcissusUITests" */ = {
			isa = XCConfigurationList;
			buildConfigurations = (
				FAA3822F2CDE39EA009669D8 /* Debug */,
				FAA382302CDE39EA009669D8 /* Release */,
			);
			defaultConfigurationIsVisible = 0;
			defaultConfigurationName = Release;
		};
/* End XCConfigurationList section */

/* Begin XCSwiftPackageProductDependency section */
		FA4770542CE001AE00921891 /* ImagePreview */ = {
			isa = XCSwiftPackageProductDependency;
			productName = ImagePreview;
		};
		FAA382372CDE5F8F009669D8 /* Camera */ = {
			isa = XCSwiftPackageProductDependency;
			productName = Camera;
		};
/* End XCSwiftPackageProductDependency section */
	};
	rootObject = FAA381FC2CDE39E9009669D8 /* Project object */;
}
